
Microsoft Visual Studio Solution File, Format Version 12.00
# Visual Studio 15
VisualStudioVersion = 15.0.27428.2015
MinimumVisualStudioVersion = 10.0.40219.1
Project("{FAE04EC0-301F-11D3-BF4B-00C04F79EFBC}") = "MVC5Demo", "MVC5Demo\MVC5Demo.csproj", "{CD0681D1-AB45-4CC4-AF02-56FC25E856EE}"
EndProject
Global
	GlobalSection(SolutionConfigurationPlatforms) = preSolution
		Debug|Any CPU = Debug|Any CPU
		Release|Any CPU = Release|Any CPU
	EndGlobalSection
	GlobalSection(ProjectConfigurationPlatforms) = postSolution
		{CD0681D1-AB45-4CC4-AF02-56FC25E856EE}.Debug|Any CPU.ActiveCfg = Debug|Any CPU
		{CD0681D1-AB45-4CC4-AF02-56FC25E856EE}.Debug|Any CPU.Build.0 = Debug|Any CPU
		{CD0681D1-AB45-4CC4-AF02-56FC25E856EE}.Release|Any CPU.ActiveCfg = Release|Any CPU
		{CD0681D1-AB45-4CC4-AF02-56FC25E856EE}.Release|Any CPU.Build.0 = Release|Any CPU
	EndGlobalSection
	GlobalSection(SolutionProperties) = preSolution
		HideSolutionNode = FALSE
	EndGlobalSection
	GlobalSection(ExtensibilityGlobals) = postSolution
		SolutionGuid = {E5F4666E-0BE9-4CBE-9A6A-83B7438BF1F5}
	EndGlobalSection
EndGlobal
